<?xml version="1.0" encoding="utf-8"?>
<Project ToolsVersion="4.0" xmlns="http://schemas.microsoft.com/developer/msbuild/2003">
  <ItemGroup>
    <Filter Include="Исходные файлы">
      <UniqueIdentifier>{4FC737F1-C7A5-4376-A066-2A32D752A2FF}</UniqueIdentifier>
      <Extensions>cpp;c;cc;cxx;def;odl;idl;hpj;bat;asm;asmx</Extensions>
    </Filter>
    <Filter Include="Файлы заголовков">
      <UniqueIdentifier>{93995380-89BD-4b04-88EB-625FBE52EBFB}</UniqueIdentifier>
      <Extensions>h;hh;hpp;hxx;hm;inl;inc;ipp;xsd</Extensions>
    </Filter>
    <Filter Include="Файлы ресурсов">
      <UniqueIdentifier>{67DA6AB6-F800-4c08-8B7A-83BB121AAD01}</UniqueIdentifier>
      <Extensions>rc;ico;cur;bmp;dlg;rc2;rct;bin;rgs;gif;jpg;jpeg;jpe;resx;tiff;tif;png;wav;mfcribbon-ms</Extensions>
    </Filter>
    <Filter Include="Файлы заголовков\entity">
      <UniqueIdentifier>{93c36225-3cf6-44d8-b0a1-baed0c2ff575}</UniqueIdentifier>
    </Filter>
    <Filter Include="Файлы заголовков\logic">
      <UniqueIdentifier>{8c5b0709-6b8b-4cd2-b868-db04bed0c1ac}</UniqueIdentifier>
    </Filter>
    <Filter Include="Исходные файлы\entity">
      <UniqueIdentifier>{b4b4dcd1-f396-4b77-962c-efe540d0b79a}</UniqueIdentifier>
    </Filter>
    <Filter Include="Исходные файлы\logic">
      <UniqueIdentifier>{99034b60-9b8d-45c3-9d67-662ab0dc51bf}</UniqueIdentifier>
    </Filter>
    <Filter Include="DataBase">
      <UniqueIdentifier>{93a9afca-8a94-4023-b347-6fdd65497f5f}</UniqueIdentifier>
    </Filter>
    <Filter Include="Исходные файлы\dao">
      <UniqueIdentifier>{c13de383-9fe4-463f-9292-fe8219957057}</UniqueIdentifier>
    </Filter>
    <Filter Include="Файлы заголовков\dao">
      <UniqueIdentifier>{c2c6cdd3-9a20-4c3f-90f4-cd926cb58776}</UniqueIdentifier>
    </Filter>
  </ItemGroup>
  <ItemGroup>
    <ClInclude Include="stdafx.h">
      <Filter>Файлы заголовков</Filter>
    </ClInclude>
    <ClInclude Include="targetver.h">
      <Filter>Файлы заголовков</Filter>
    </ClInclude>
    <ClInclude Include="resource.h">
      <Filter>Файлы заголовков</Filter>
    </ClInclude>
    <ClInclude Include="Calendar.h">
      <Filter>Файлы заголовков\entity</Filter>
    </ClInclude>
    <ClInclude Include="Cinema.h">
      <Filter>Файлы заголовков\entity</Filter>
    </ClInclude>
    <ClInclude Include="DatabaseEntity.h">
      <Filter>Файлы заголовков\entity</Filter>
    </ClInclude>
    <ClInclude Include="Date.h">
      <Filter>Файлы заголовков\entity</Filter>
    </ClInclude>
    <ClInclude Include="Time.h">
      <Filter>Файлы заголовков\entity</Filter>
    </ClInclude>
    <ClInclude Include="Schedule.h">
      <Filter>Файлы заголовков\entity</Filter>
    </ClInclude>
    <ClInclude Include="Film.h">
      <Filter>Файлы заголовков\entity</Filter>
    </ClInclude>
    <ClInclude Include="FilmLogic.h">
      <Filter>Файлы заголовков\logic</Filter>
    </ClInclude>
    <ClInclude Include="CrudRepository.h">
      <Filter>Файлы заголовков\dao</Filter>
    </ClInclude>
    <ClInclude Include="FilmDao.h">
      <Filter>Файлы заголовков\dao</Filter>
    </ClInclude>
    <ClInclude Include="CinemaDao.h">
      <Filter>Файлы заголовков\dao</Filter>
    </ClInclude>
    <ClInclude Include="ScheduleDao.h">
      <Filter>Файлы заголовков\dao</Filter>
    </ClInclude>
    <ClInclude Include="CinemaLogic.h">
      <Filter>Файлы заголовков\logic</Filter>
    </ClInclude>
    <ClInclude Include="ScheduleLogic.h">
      <Filter>Файлы заголовков\logic</Filter>
    </ClInclude>
  </ItemGroup>
  <ItemGroup>
    <ClCompile Include="stdafx.cpp">
      <Filter>Исходные файлы</Filter>
    </ClCompile>
    <ClCompile Include="Calendar.cpp">
      <Filter>Исходные файлы\entity</Filter>
    </ClCompile>
    <ClCompile Include="Cinema.cpp">
      <Filter>Исходные файлы\entity</Filter>
    </ClCompile>
    <ClCompile Include="DatabaseEntity.cpp">
      <Filter>Исходные файлы\entity</Filter>
    </ClCompile>
    <ClCompile Include="Date.cpp">
      <Filter>Исходные файлы\entity</Filter>
    </ClCompile>
    <ClCompile Include="Time.cpp">
      <Filter>Исходные файлы\entity</Filter>
    </ClCompile>
    <ClCompile Include="Schedule.cpp">
      <Filter>Исходные файлы\entity</Filter>
    </ClCompile>
    <ClCompile Include="Film.cpp">
      <Filter>Исходные файлы\entity</Filter>
    </ClCompile>
    <ClCompile Include="Demo.cpp">
      <Filter>Исходные файлы</Filter>
    </ClCompile>
    <ClCompile Include="FilmLogic.cpp">
      <Filter>Исходные файлы\logic</Filter>
    </ClCompile>
    <ClCompile Include="CrudRepository.cpp">
      <Filter>Исходные файлы\dao</Filter>
    </ClCompile>
    <ClCompile Include="FilmDao.cpp">
      <Filter>Исходные файлы\dao</Filter>
    </ClCompile>
    <ClCompile Include="CinemaDao.cpp">
      <Filter>Исходные файлы\dao</Filter>
    </ClCompile>
    <ClCompile Include="ScheduleDao.cpp">
      <Filter>Исходные файлы\dao</Filter>
    </ClCompile>
    <ClCompile Include="CinemaLogic.cpp">
      <Filter>Исходные файлы\logic</Filter>
    </ClCompile>
    <ClCompile Include="ScheduleLogic.cpp">
      <Filter>Исходные файлы\logic</Filter>
    </ClCompile>
  </ItemGroup>
  <ItemGroup>
    <ResourceCompile Include="Cinema.rc">
      <Filter>Файлы ресурсов</Filter>
    </ResourceCompile>
  </ItemGroup>
  <ItemGroup>
    <Text Include="cinema.txt">
      <Filter>DataBase</Filter>
    </Text>
    <Text Include="film.txt">
      <Filter>DataBase</Filter>
    </Text>
    <Text Include="schedule.txt">
      <Filter>DataBase</Filter>
    </Text>
  </ItemGroup>
</Project>